{
    "_meta": {
        "hash": {
            "sha256": "15a7e3783281192e104ddc73d4c9bc6d4c0515d95ce05153929d531aea65f33a"
        },
        "pipfile-spec": 6,
        "requires": {
            "python_version": "3.8"
        },
        "sources": [
            {
                "name": "pypi",
                "url": "https://pypi.org/simple",
                "verify_ssl": true
            }
        ]
    },
    "default": {
        "bitarray": {
            "hashes": [
                "sha256:00a7df14e82b0da37b47f51a1e6a053dbdccbad52627ae6ce6f2516e3ca7db13",
                "sha256:03425503093f28445b7e8c7df5faf2a704e32ee69c80e6dc5518ccea0b876ac9",
                "sha256:06984d12925e595a26da7855a5e868ce9b19b646e4b130e69a85bfcd6ce9227b",
                "sha256:089c707a4997b49cd3a4fb9a4239a9b0aaac59cc937dfa84c9a6862f08634d6f",
                "sha256:0cd43f0943af45a1056f5dbdd10dc07f513d80ede72cac0306a342db6bf87d1d",
                "sha256:0d19fd86aa02dbbec68ffb961a237a0bd2ecfbd92a6815fea9f20e9a3536bd92",
                "sha256:0d47baae8d5618cce60c20111a4ceafd6ed155e5501e0dc9fb9db55408e63e4a",
                "sha256:11447698f2ae9ac6417d25222ab1e6ec087c32d603a9131b2c09ce0911766002",
                "sha256:117d53e1ada8d7f9b8a350bb78597488311637c036da1a6aeb7071527672fdf7",
                "sha256:123d3802e7eafada61854d16c20d0df0c5f1d68da98f9e16059a23d200b5057a",
                "sha256:13dde9b590e27e9b8be9b96b1d697dbb19ca5c790b7d45a5ed310049fe9221b5",
                "sha256:143c9ac7a7f7e155f42bbf1fa547feaf9b4b2c226a25f17ae0d0d537ce9a328d",
                "sha256:16b6144c30aa6661787a25e489335065e44fc4f74518e1e66e4591d669460516",
                "sha256:181394e0da1817d7a72a9b6cad6a77f6cfac5aa70007e21aadfa702fcf0d89eb",
                "sha256:18f7a8d4ebb8c8750e9aafbcfa1b2bfa9b6291baec6d4a31186762956f88cada",
                "sha256:1ddb75bd9bfbdff5231f0218e7cd4fd72653dc0c7baa782c3a95ff3dac4d5556",
                "sha256:1deaaebbae83cf7b6fd252c36a4f03bd820bcf209da1ca400dddbf11064e35ec",
                "sha256:1dfa4b66779ea4bba23ca655edbdd7e8c839daea160c6a1f1c1e6587fb8c79af",
                "sha256:1f90c59309f7208792f46d84adac58d8fdf6db3b1479b40e6386dd39a12950eb",
                "sha256:1fdba2209df0ca379b5276dc48c189f424ec6701158a666876265b2669db9ed7",
                "sha256:216af36c9885a229d493ebdd5aa5648aae8db15b1c79ca6c2ad11b7f9bf4062f",
                "sha256:28dced57e7ee905f0a6287b6288d220d35d0c52ea925d2461b4eef5c16a40263",
                "sha256:2e3636c073b501029256fda1546020b60e0af572a9a5b11f5c50c855113b1fbc",
                "sha256:323d1b9710d1ef320c0b6c1f3d422355b8c371f4c898d0a9d9acb46586fd30d4",
                "sha256:3619bd30f163a3748325677996d4095b56ab1eb21610797f2b59f30e26ad1a7a",
                "sha256:36eb9bdeee9c5988beca491741c4e2611abbea7fbbe3f4ebe35e00d509c40847",
                "sha256:37fe92915561dd688ff450235ce75faa6679940c78f7e002ebc092aa71cadce9",
                "sha256:3a83eedc91f88d31e1e7e386bd7bf65eacd5064af95d5b1ccd512bef3d516a4b",
                "sha256:3d6922dffc5e123e09907b79291951655ec0a2fde7c36a5584eb67c3b769d118",
                "sha256:40997802289d647952449b8bf0ee5c56f1f767e65ab33c63e8f756ba463343a7",
                "sha256:40e6047a049595147518e6fe40759e609559799402efade093a3b67cda9e7ea9",
                "sha256:432ff0eaf79414df582be023748d48c9b3a7d20cead494b7bc70a66cb62fb34f",
                "sha256:45c5e6d5970ade6f98e91341b47722c3d0d68742bf62e3d47b586897c447e78a",
                "sha256:46fb5fbde325fd0bfcd9efd7ea3c5e2c1fd7117ad06e5cf37ca2c6dab539abc4",
                "sha256:4b6650d05ebb92379465393bd279d298ff0a13fbf23bacbd1bcb20d202fccc67",
                "sha256:4e5c53500ee060c36303210d34df0e18636584ae1a70eb427e96fed70189896f",
                "sha256:524b5898248b47a1f39cd54ab739e823bb6469d4b3619e84f246b654a2239262",
                "sha256:5557e41cd92a9f05795980d762e9eca4dee3b393b8a005cb5e091d1e5c319181",
                "sha256:561e6b5a8f4498240f34de67dc672f7a6867c6f28681574a41dc73bb4451b0cb",
                "sha256:599a57c5f0082311bccf7b35a3eaa4fdca7bf59179cb45958a6a418a9b8339d1",
                "sha256:5ff04386b9868cc5961d95c84a8389f5fc4e3a2cbea52499a907deea13f16ae4",
                "sha256:6167bf10c3f773612a65b925edb4c8e002f1b826db6d3e91839153d6030fec17",
                "sha256:62899c1102b47637757ad3448cb32caa4d4d8070986c29abe091711535644192",
                "sha256:639f8ebaad5cec929dd73859d5ab850d4df746272754987720cf52fbbe2ec08e",
                "sha256:66cf402bc4154a074d95f4dec3260497f637112fb982c2335d3bbc174d8c0a2d",
                "sha256:67af0a5f32ec1de99c6baaa2359c47adac245fda20969c169da9b03dacb48fb7",
                "sha256:6897cd0c67c9433faca9023cb5eff25678e056764ce158998e6f30137e9a7f17",
                "sha256:6bd66672c9695e75cf54d1f3f143a85e6b57078a7b86faf0de2c0c97736dfbb4",
                "sha256:6f45bffd00892afa7e455990a9da0bbe0ac2bee978b4bdbb70439345f61b618a",
                "sha256:706835e0e40b4707894af0ddd193eb8bbfb72835db8e4a8be7f6697ddc63c3eb",
                "sha256:741fc4eb77847b5f046559f77e0f822b3ce270774098f075bc712ef9f5c5948d",
                "sha256:74dd172224a2e9fea2818a0d8c892b273fa6de434b953b97a2252572fcf01fb3",
                "sha256:7885e5c23bb2954d913b4e8bb1486a7d2fbf69d27438ef096178eccf1d9e1e7a",
                "sha256:7cd2df3c507ee85219b38e2812174ba8236a77a729f6d9ba3f66faed8661dc3b",
                "sha256:816510e83e61d1f44ff2f138863068451840314774bad1cc2911a1f86c93eb2f",
                "sha256:83f80d6f752d40d633c99c12d24d11774a6c3c3fd02dfd038a0496892fb15ed3",
                "sha256:84137be7d55bed08e3ef507b0bde8311290bf92fba5a9d05069b0d1910217f16",
                "sha256:844e12f06e7167855c7db6838ea4ef08e44621dd4606039a4b5c0c6ca0801edf",
                "sha256:86a563fa4d2bfb2394ac21f71f8e8bb1d606d030b003398efe37c5323df664aa",
                "sha256:8a6593023d03dc71f015efba1ce9319982a49add363050a3e298904ca19b60ef",
                "sha256:8d59ddee615c64a8c37c5bfd48ceea5b88d8808f90234e9154e1e209981a4683",
                "sha256:8d5fc3e73f189daf8f351fefdbad77a6f4edc5ad001aca4a541615322dbe8ee9",
                "sha256:8fb89f6b229ef8fa0e70d9206c57118c2f9bd98c54e3d73c4de00ab8147eed1c",
                "sha256:90f3c63e44eb11424745453da1798ed6abcf6f467a92b75fda7b182cb1fb3e01",
                "sha256:93c5937df1bfbfb17ee17c7717b49cbe04d88fa5d9dcfc1846914318dcf0135b",
                "sha256:951b39a515ed07487df02f0480617500f87b5e01cb36ec775dd30577633bec44",
                "sha256:991dfaee77ecd82d96ddd85d242836de9471940dd89e943feea26549a9170ecb",
                "sha256:9a89b32c81e3e8a5f3fe9b458881ef03c1ba60829ae97999a15e86ea476489c6",
                "sha256:9d4723b41afbd3574d3a72a383f80112aeceaeebbe6204b1e0ac8d4d7f2353b2",
                "sha256:a13d7cfdbcc5604670abb1faaa8e2082b4ce70475922f07bbee3cd999b092698",
                "sha256:a5618e50873f8a5ba96facbf61c5f342ee3212fee4b64c21061a89cb09df4428",
                "sha256:aa54a847ae50050099e23ddc2bf20c7f2792706f95e997095e3551048841fc68",
                "sha256:aa6e51062a9eba797d97390a4c1f7941e489dd807b2de01d6a190d1a69eacf0a",
                "sha256:aabceebde1a450eb363a7ad7a531ab54992520f0a7386844bac7f700d00bb2d3",
                "sha256:ae79e0ed10cf221845e036bc7c3501e467a3bf288768941da1d8d6aaf12fec34",
                "sha256:b101a770d11b4fb0493e649cf3160d8de582e32e517ff3a7d024fad2e6ffe9e1",
                "sha256:b3381e75bb34ca0f455c4a0ac3625e5d9472f79914a3fd15ee1230584eab7d00",
                "sha256:b70caaec1eece68411dfeded34466ad259e852ac4be8ee4001ee7dea4b37a5b2",
                "sha256:b7bf3667e4cb9330b5dc5ae3753e833f398d12cbe14db1baf55cfd6a3ff0052d",
                "sha256:b8c607bfcb43c8230e24c18c368c9773cf37040fb14355ecbc51ad7b7b89be5a",
                "sha256:ba2870bc136b2e76d02a64621e5406daf97b3a333287132344d4029d91ad4197",
                "sha256:bc347f9a869a9c2b224bae65f9ed12bd1f7f97c0cbdfe47e520d6a7ba5aeec52",
                "sha256:cc6b74eef97dc84acb429bb9c48363f88767f02b7d4a3e6dfd274334e0dc002e",
                "sha256:cd0a807a04e69aa9e4ea3314b43beb120dad231fce55c718aa00691595df628f",
                "sha256:cd151c59b3756b05d8d616230211e0fb9ee10826b080f51f3e0bf85775027f8c",
                "sha256:cd69a926a3363e25e94a64408303283c59085be96d71524bdbe6bfc8da2e34e0",
                "sha256:d0952c8417c21ea9eb2532475b2927753d6080f346f953a520e28794297d45f3",
                "sha256:d6b0ce7a00a1b886e2410c20e089f3c701bc179429c681060419bbbf6ea263b7",
                "sha256:dd5dcc4c26d7ef55934fcecea7ebd765313554d86747282c716fa64954cf103d",
                "sha256:dd7aa632610fe03272e01fd006c9db2c102340344b034c9bd63e2ed9e3f895cc",
                "sha256:e006e43ee096922cdaca797b313292a7ee29b43361da7d3d85d859455a0b6339",
                "sha256:e1df5bc9768861178632dab044725ad305170161c08e9aa1d70b074287d5cbd3",
                "sha256:e28b9af8ebeeb19396b7836a06fc1b375a5867cff6a558f7d35420d428a3e2ad",
                "sha256:eb45c7170c84c14d67978ccae74def18076a7e07cece0fc514078f4d5f8d0b71",
                "sha256:ebe2a6a8e714e5845fba173c05e26ca50616a7a7845c304f5c3ffccecda98c11",
                "sha256:ee6df5243fcab8bb2bd14396556f1a28eebf94862bf14c1333ff309177ac62ba",
                "sha256:f00dc03d1c909712a14edafd7edeccf77aca1590928f02f29901d767153b95ef",
                "sha256:f06680947298dca47437a79660c69db6442570dd492e8066ab3bf7166246dee1",
                "sha256:f4916b09f5dafe74133224956ce72399de1be7ca7b4726ce7bf8aac93f9b0ab6",
                "sha256:f59f189ed38ad6fc3ef77a038eae75757b2fe0e3e869085c5db7472f59eaefb3",
                "sha256:f89cd1a17b57810b640344a559de60039bf50de36e0d577f6f72fab7c23ee023",
                "sha256:fb33df6bbe32d2146229e7ad885f654adc1484c7f734633e6dba2af88000b947"
            ],
            "version": "==2.8.0"
        },
        "pyserial": {
            "hashes": [
                "sha256:3c77e014170dfffbd816e6ffc205e9842efb10be9f58ec16d3e8675b4925cddb",
                "sha256:c4451db6ba391ca6ca299fb3ec7bae67a5c55dde170964c7a14ceefec02f2cf0"
            ],
            "index": "pypi",
            "version": "==3.5"
        },
        "pyside2": {
            "hashes": [
                "sha256:235240b6ec8206d9fdf0232472c6ef3241783d480425e5b54796f06e39ed23da",
                "sha256:23886c6391ebd916e835fa1b5ae66938048504fd3a2934ae3189a96cd5ac0b46",
                "sha256:439509e53cfe05abbf9a99422a2cbad086408b0f9bf5e6f642ff1b13b1f8b055",
                "sha256:a9e2e6bbcb5d2ebb421e46e72244a0f4fe0943b2288115f80a863aacc1de1f06",
                "sha256:af6b263fe63ba6dea7eaebae80aa7b291491fe66f4f0057c0aafe780cc83da9d",
                "sha256:b5e1d92f26b0bbaefff67727ccbb2e1b577f2c0164b349b3d6e80febb4c5bde2"
            ],
            "index": "pypi",
            "version": "==5.15.2.1"
        },
        "shiboken2": {
            "hashes": [
                "sha256:63debfcc531b6a2b4985aa9b71433d2ad3bac542acffc729cc0ecaa3854390c0",
                "sha256:87079c07587859a525b9800d60b1be971338ce9b371d6ead81f15ee5a46d448b",
                "sha256:a0d0fdeb12b72c8af349b9642ccc67afd783dca449309f45e78cda50272fd6b7",
                "sha256:eb0da44b6fa60c6bd317b8f219e500595e94e0322b33ec5b4e9f406bedaee555",
                "sha256:f890f5611ab8f48b88cfecb716da2ac55aef99e2923198cefcf781842888ea65",
                "sha256:ffd3d0ec3d508e592d7ee3885d27fee1f279a49989f734eb130f46d9501273a9"
            ],
            "markers": "python_version >= '2.7' and python_version not in '3.0, 3.1, 3.2, 3.3, 3.4' and python_version < '3.11'",
            "version": "==5.15.2.1"
        },
        "smcc": {
            "hashes": [
                "sha256:0ecbf60ce6c5448f7d7d2567a42c3016bd1afcabd54071becbcf76c3ab4b92be",
                "sha256:82aa6f8ddfb9f93e50d93d43cf34292662cbe69d28569f1f7b2093152dd81eef"
            ],
            "index": "pypi",
            "version": "==0.0.2"
        }
    },
    "develop": {}
}
